
Microsoft Visual Studio Solution File, Format Version 12.00
# Visual Studio Version 17
VisualStudioVersion = 17.5.33516.290
MinimumVisualStudioVersion = 10.0.40219.1
Project("{FAE04EC0-301F-11D3-BF4B-00C04F79EFBC}") = "XamarinHotel.Android", "XamarinHotel\XamarinHotel.Android\XamarinHotel.Android.csproj", "{3EDC6BA7-AC0E-49C3-81D0-6248F47090CF}"
EndProject
Project("{FAE04EC0-301F-11D3-BF4B-00C04F79EFBC}") = "XamarinHotel", "XamarinHotel\XamarinHotel\XamarinHotel.csproj", "{58339661-54FE-4A9D-8407-6F95E7F37CC0}"
EndProject
Global
	GlobalSection(SolutionConfigurationPlatforms) = preSolution
		Debug|Any CPU = Debug|Any CPU
		Release|Any CPU = Release|Any CPU
	EndGlobalSection
	GlobalSection(ProjectConfigurationPlatforms) = postSolution
		{3EDC6BA7-AC0E-49C3-81D0-6248F47090CF}.Debug|Any CPU.ActiveCfg = Debug|Any CPU
		{3EDC6BA7-AC0E-49C3-81D0-6248F47090CF}.Debug|Any CPU.Build.0 = Debug|Any CPU
		{3EDC6BA7-AC0E-49C3-81D0-6248F47090CF}.Debug|Any CPU.Deploy.0 = Debug|Any CPU
		{3EDC6BA7-AC0E-49C3-81D0-6248F47090CF}.Release|Any CPU.ActiveCfg = Release|Any CPU
		{3EDC6BA7-AC0E-49C3-81D0-6248F47090CF}.Release|Any CPU.Build.0 = Release|Any CPU
		{3EDC6BA7-AC0E-49C3-81D0-6248F47090CF}.Release|Any CPU.Deploy.0 = Release|Any CPU
		{58339661-54FE-4A9D-8407-6F95E7F37CC0}.Debug|Any CPU.ActiveCfg = Debug|Any CPU
		{58339661-54FE-4A9D-8407-6F95E7F37CC0}.Debug|Any CPU.Build.0 = Debug|Any CPU
		{58339661-54FE-4A9D-8407-6F95E7F37CC0}.Debug|Any CPU.Deploy.0 = Debug|Any CPU
		{58339661-54FE-4A9D-8407-6F95E7F37CC0}.Release|Any CPU.ActiveCfg = Release|Any CPU
		{58339661-54FE-4A9D-8407-6F95E7F37CC0}.Release|Any CPU.Build.0 = Release|Any CPU
		{58339661-54FE-4A9D-8407-6F95E7F37CC0}.Release|Any CPU.Deploy.0 = Release|Any CPU
	EndGlobalSection
	GlobalSection(SolutionProperties) = preSolution
		HideSolutionNode = FALSE
	EndGlobalSection
	GlobalSection(ExtensibilityGlobals) = postSolution
		SolutionGuid = {BB9F5405-F49C-4B85-9015-4BFF7192B9DE}
	EndGlobalSection
EndGlobal
